
Microsoft Visual Studio Solution File, Format Version 12.00
# Visual Studio Version 16
VisualStudioVersion = 16.0.30711.63
MinimumVisualStudioVersion = 10.0.40219.1
Project("{9A19103F-16F7-4668-BE54-9A1E7A4F7556}") = "WechatApi", "WechatApi\WechatApi.csproj", "{2EE76553-A9FA-456F-B65F-72EC2F54339A}"
EndProject
Project("{9A19103F-16F7-4668-BE54-9A1E7A4F7556}") = "Wechat.Common", "Wechat.Common\Wechat.Common.csproj", "{86AFC4D9-F76C-44DE-A623-6D642B7F0F52}"
EndProject
Project("{9A19103F-16F7-4668-BE54-9A1E7A4F7556}") = "Wechat.SqlSugar", "Wechat.SqlSugar\Wechat.SqlSugar.csproj", "{171E7C69-6FEE-40A0-8505-52190D538C10}"
EndProject
Project("{9A19103F-16F7-4668-BE54-9A1E7A4F7556}") = "WeChat.Business", "WeChat.Business\WeChat.Business.csproj", "{C8D27393-A3BB-48CB-B537-868B955DC9E5}"
EndProject
Project("{9A19103F-16F7-4668-BE54-9A1E7A4F7556}") = "Wechat.Entity", "Wechat.Entity\Wechat.Entity.csproj", "{CEC2CC1D-83E2-4768-BDE2-99FAE5A61EA0}"
EndProject
Project("{9A19103F-16F7-4668-BE54-9A1E7A4F7556}") = "Wechat.IService", "Wechat.IService\Wechat.IService.csproj", "{E86B5CA1-FA1C-47DB-A353-7F1165848CB1}"
EndProject
Project("{9A19103F-16F7-4668-BE54-9A1E7A4F7556}") = "Wechat.Model", "Wechat.Model\Wechat.Model.csproj", "{0D8AE98B-5B5E-4FD7-A447-CEA30A24DB8F}"
EndProject
Project("{9A19103F-16F7-4668-BE54-9A1E7A4F7556}") = "Wechat.Service", "Wechat.Service\Wechat.Service.csproj", "{92369F4A-BD5C-41ED-B4E1-58A3F5685CC3}"
EndProject
Project("{FAE04EC0-301F-11D3-BF4B-00C04F79EFBC}") = "WeChat.Web", "WeChat.Web\WeChat.Web.csproj", "{29094B2E-D7A6-4D86-9009-C1D80AD08237}"
EndProject
Global
	GlobalSection(SolutionConfigurationPlatforms) = preSolution
		Debug|Any CPU = Debug|Any CPU
		Release|Any CPU = Release|Any CPU
	EndGlobalSection
	GlobalSection(ProjectConfigurationPlatforms) = postSolution
		{2EE76553-A9FA-456F-B65F-72EC2F54339A}.Debug|Any CPU.ActiveCfg = Debug|Any CPU
		{2EE76553-A9FA-456F-B65F-72EC2F54339A}.Debug|Any CPU.Build.0 = Debug|Any CPU
		{2EE76553-A9FA-456F-B65F-72EC2F54339A}.Release|Any CPU.ActiveCfg = Release|Any CPU
		{2EE76553-A9FA-456F-B65F-72EC2F54339A}.Release|Any CPU.Build.0 = Release|Any CPU
		{86AFC4D9-F76C-44DE-A623-6D642B7F0F52}.Debug|Any CPU.ActiveCfg = Debug|Any CPU
		{86AFC4D9-F76C-44DE-A623-6D642B7F0F52}.Debug|Any CPU.Build.0 = Debug|Any CPU
		{86AFC4D9-F76C-44DE-A623-6D642B7F0F52}.Release|Any CPU.ActiveCfg = Release|Any CPU
		{86AFC4D9-F76C-44DE-A623-6D642B7F0F52}.Release|Any CPU.Build.0 = Release|Any CPU
		{171E7C69-6FEE-40A0-8505-52190D538C10}.Debug|Any CPU.ActiveCfg = Debug|Any CPU
		{171E7C69-6FEE-40A0-8505-52190D538C10}.Debug|Any CPU.Build.0 = Debug|Any CPU
		{171E7C69-6FEE-40A0-8505-52190D538C10}.Release|Any CPU.ActiveCfg = Release|Any CPU
		{171E7C69-6FEE-40A0-8505-52190D538C10}.Release|Any CPU.Build.0 = Release|Any CPU
		{C8D27393-A3BB-48CB-B537-868B955DC9E5}.Debug|Any CPU.ActiveCfg = Debug|Any CPU
		{C8D27393-A3BB-48CB-B537-868B955DC9E5}.Debug|Any CPU.Build.0 = Debug|Any CPU
		{C8D27393-A3BB-48CB-B537-868B955DC9E5}.Release|Any CPU.ActiveCfg = Release|Any CPU
		{C8D27393-A3BB-48CB-B537-868B955DC9E5}.Release|Any CPU.Build.0 = Release|Any CPU
		{CEC2CC1D-83E2-4768-BDE2-99FAE5A61EA0}.Debug|Any CPU.ActiveCfg = Debug|Any CPU
		{CEC2CC1D-83E2-4768-BDE2-99FAE5A61EA0}.Debug|Any CPU.Build.0 = Debug|Any CPU
		{CEC2CC1D-83E2-4768-BDE2-99FAE5A61EA0}.Release|Any CPU.ActiveCfg = Release|Any CPU
		{CEC2CC1D-83E2-4768-BDE2-99FAE5A61EA0}.Release|Any CPU.Build.0 = Release|Any CPU
		{E86B5CA1-FA1C-47DB-A353-7F1165848CB1}.Debug|Any CPU.ActiveCfg = Debug|Any CPU
		{E86B5CA1-FA1C-47DB-A353-7F1165848CB1}.Debug|Any CPU.Build.0 = Debug|Any CPU
		{E86B5CA1-FA1C-47DB-A353-7F1165848CB1}.Release|Any CPU.ActiveCfg = Release|Any CPU
		{E86B5CA1-FA1C-47DB-A353-7F1165848CB1}.Release|Any CPU.Build.0 = Release|Any CPU
		{0D8AE98B-5B5E-4FD7-A447-CEA30A24DB8F}.Debug|Any CPU.ActiveCfg = Debug|Any CPU
		{0D8AE98B-5B5E-4FD7-A447-CEA30A24DB8F}.Debug|Any CPU.Build.0 = Debug|Any CPU
		{0D8AE98B-5B5E-4FD7-A447-CEA30A24DB8F}.Release|Any CPU.ActiveCfg = Release|Any CPU
		{0D8AE98B-5B5E-4FD7-A447-CEA30A24DB8F}.Release|Any CPU.Build.0 = Release|Any CPU
		{92369F4A-BD5C-41ED-B4E1-58A3F5685CC3}.Debug|Any CPU.ActiveCfg = Debug|Any CPU
		{92369F4A-BD5C-41ED-B4E1-58A3F5685CC3}.Debug|Any CPU.Build.0 = Debug|Any CPU
		{92369F4A-BD5C-41ED-B4E1-58A3F5685CC3}.Release|Any CPU.ActiveCfg = Release|Any CPU
		{92369F4A-BD5C-41ED-B4E1-58A3F5685CC3}.Release|Any CPU.Build.0 = Release|Any CPU
		{29094B2E-D7A6-4D86-9009-C1D80AD08237}.Debug|Any CPU.ActiveCfg = Debug|Any CPU
		{29094B2E-D7A6-4D86-9009-C1D80AD08237}.Debug|Any CPU.Build.0 = Debug|Any CPU
		{29094B2E-D7A6-4D86-9009-C1D80AD08237}.Release|Any CPU.ActiveCfg = Release|Any CPU
		{29094B2E-D7A6-4D86-9009-C1D80AD08237}.Release|Any CPU.Build.0 = Release|Any CPU
	EndGlobalSection
	GlobalSection(SolutionProperties) = preSolution
		HideSolutionNode = FALSE
	EndGlobalSection
	GlobalSection(ExtensibilityGlobals) = postSolution
		SolutionGuid = {B7848E31-0DE9-4F9B-8C50-00F40DD9F1EE}
	EndGlobalSection
EndGlobal
