
Microsoft Visual Studio Solution File, Format Version 12.00
# Visual Studio Version 16
VisualStudioVersion = 16.0.30711.63
MinimumVisualStudioVersion = 10.0.40219.1
Project("{9A19103F-16F7-4668-BE54-9A1E7A4F7556}") = "WechatApi", "WechatApi\WechatApi.csproj", "{2EE76553-A9FA-456F-B65F-72EC2F54339A}"
EndProject
Project("{FAE04EC0-301F-11D3-BF4B-00C04F79EFBC}") = "Wechat.Common", "Wechat.Common\Wechat.Common.csproj", "{86AFC4D9-F76C-44DE-A623-6D642B7F0F52}"
EndProject
Global
	GlobalSection(SolutionConfigurationPlatforms) = preSolution
		Debug|Any CPU = Debug|Any CPU
		Release|Any CPU = Release|Any CPU
	EndGlobalSection
	GlobalSection(ProjectConfigurationPlatforms) = postSolution
		{2EE76553-A9FA-456F-B65F-72EC2F54339A}.Debug|Any CPU.ActiveCfg = Debug|Any CPU
		{2EE76553-A9FA-456F-B65F-72EC2F54339A}.Debug|Any CPU.Build.0 = Debug|Any CPU
		{2EE76553-A9FA-456F-B65F-72EC2F54339A}.Release|Any CPU.ActiveCfg = Release|Any CPU
		{2EE76553-A9FA-456F-B65F-72EC2F54339A}.Release|Any CPU.Build.0 = Release|Any CPU
		{86AFC4D9-F76C-44DE-A623-6D642B7F0F52}.Debug|Any CPU.ActiveCfg = Debug|Any CPU
		{86AFC4D9-F76C-44DE-A623-6D642B7F0F52}.Debug|Any CPU.Build.0 = Debug|Any CPU
		{86AFC4D9-F76C-44DE-A623-6D642B7F0F52}.Release|Any CPU.ActiveCfg = Release|Any CPU
		{86AFC4D9-F76C-44DE-A623-6D642B7F0F52}.Release|Any CPU.Build.0 = Release|Any CPU
	EndGlobalSection
	GlobalSection(SolutionProperties) = preSolution
		HideSolutionNode = FALSE
	EndGlobalSection
	GlobalSection(ExtensibilityGlobals) = postSolution
		SolutionGuid = {B7848E31-0DE9-4F9B-8C50-00F40DD9F1EE}
	EndGlobalSection
EndGlobal
